
Microsoft Visual Studio Solution File, Format Version 12.00
# Visual Studio Version 17
VisualStudioVersion = 17.7.34031.279
MinimumVisualStudioVersion = 10.0.40219.1
Project("{FAE04EC0-301F-11D3-BF4B-00C04F79EFBC}") = "TODOLIST_BLAZOR_SERVER", "TODOLIST_BLAZOR_SERVER\TODOLIST_BLAZOR_SERVER.csproj", "{439D1B60-78AF-49DF-B72E-0A8481F751D1}"
EndProject
Project("{FAE04EC0-301F-11D3-BF4B-00C04F79EFBC}") = "TODOLIST_ASSEMBLY", "TODOLIST_ASSEMBLY\TODOLIST_ASSEMBLY.csproj", "{3577978E-0101-440C-824C-A6B71C6EE32E}"
EndProject
Global
	GlobalSection(SolutionConfigurationPlatforms) = preSolution
		Debug|Any CPU = Debug|Any CPU
		Release|Any CPU = Release|Any CPU
	EndGlobalSection
	GlobalSection(ProjectConfigurationPlatforms) = postSolution
		{439D1B60-78AF-49DF-B72E-0A8481F751D1}.Debug|Any CPU.ActiveCfg = Debug|Any CPU
		{439D1B60-78AF-49DF-B72E-0A8481F751D1}.Debug|Any CPU.Build.0 = Debug|Any CPU
		{439D1B60-78AF-49DF-B72E-0A8481F751D1}.Release|Any CPU.ActiveCfg = Release|Any CPU
		{439D1B60-78AF-49DF-B72E-0A8481F751D1}.Release|Any CPU.Build.0 = Release|Any CPU
		{3577978E-0101-440C-824C-A6B71C6EE32E}.Debug|Any CPU.ActiveCfg = Debug|Any CPU
		{3577978E-0101-440C-824C-A6B71C6EE32E}.Debug|Any CPU.Build.0 = Debug|Any CPU
		{3577978E-0101-440C-824C-A6B71C6EE32E}.Release|Any CPU.ActiveCfg = Release|Any CPU
		{3577978E-0101-440C-824C-A6B71C6EE32E}.Release|Any CPU.Build.0 = Release|Any CPU
	EndGlobalSection
	GlobalSection(SolutionProperties) = preSolution
		HideSolutionNode = FALSE
	EndGlobalSection
	GlobalSection(ExtensibilityGlobals) = postSolution
		SolutionGuid = {F795115C-55F9-492B-9392-46A6F1E83606}
	EndGlobalSection
EndGlobal
